
Microsoft Visual Studio Solution File, Format Version 12.00
# Visual Studio Version 16
VisualStudioVersion = 16.0.30320.27
MinimumVisualStudioVersion = 10.0.40219.1
Project("{9A19103F-16F7-4668-BE54-9A1E7A4F7556}") = "PracticePart1", "PracticePart1\PracticePart1.csproj", "{C58AF86B-80E6-4929-AF8E-F36BCEC9A2C9}"
EndProject
Project("{9A19103F-16F7-4668-BE54-9A1E7A4F7556}") = "PracticePart2", "PracticePart2\PracticePart2.csproj", "{93CBC3C1-F365-4C58-9FCA-1DA0EDAD97E6}"
EndProject
Project("{9A19103F-16F7-4668-BE54-9A1E7A4F7556}") = "PracticePart3", "PracticePart3\PracticePart3.csproj", "{ACE904E6-B1C5-441D-98D2-A7D507B66DC2}"
EndProject
Project("{FAE04EC0-301F-11D3-BF4B-00C04F79EFBC}") = "PracticePart4", "PracticePart4\PracticePart4.csproj", "{562DA741-AED6-46D7-9033-F991B14CAEBB}"
EndProject
Global
	GlobalSection(SolutionConfigurationPlatforms) = preSolution
		Debug|Any CPU = Debug|Any CPU
		Release|Any CPU = Release|Any CPU
	EndGlobalSection
	GlobalSection(ProjectConfigurationPlatforms) = postSolution
		{C58AF86B-80E6-4929-AF8E-F36BCEC9A2C9}.Debug|Any CPU.ActiveCfg = Debug|Any CPU
		{C58AF86B-80E6-4929-AF8E-F36BCEC9A2C9}.Debug|Any CPU.Build.0 = Debug|Any CPU
		{C58AF86B-80E6-4929-AF8E-F36BCEC9A2C9}.Release|Any CPU.ActiveCfg = Release|Any CPU
		{C58AF86B-80E6-4929-AF8E-F36BCEC9A2C9}.Release|Any CPU.Build.0 = Release|Any CPU
		{93CBC3C1-F365-4C58-9FCA-1DA0EDAD97E6}.Debug|Any CPU.ActiveCfg = Debug|Any CPU
		{93CBC3C1-F365-4C58-9FCA-1DA0EDAD97E6}.Debug|Any CPU.Build.0 = Debug|Any CPU
		{93CBC3C1-F365-4C58-9FCA-1DA0EDAD97E6}.Release|Any CPU.ActiveCfg = Release|Any CPU
		{93CBC3C1-F365-4C58-9FCA-1DA0EDAD97E6}.Release|Any CPU.Build.0 = Release|Any CPU
		{ACE904E6-B1C5-441D-98D2-A7D507B66DC2}.Debug|Any CPU.ActiveCfg = Debug|Any CPU
		{ACE904E6-B1C5-441D-98D2-A7D507B66DC2}.Debug|Any CPU.Build.0 = Debug|Any CPU
		{ACE904E6-B1C5-441D-98D2-A7D507B66DC2}.Release|Any CPU.ActiveCfg = Release|Any CPU
		{ACE904E6-B1C5-441D-98D2-A7D507B66DC2}.Release|Any CPU.Build.0 = Release|Any CPU
		{562DA741-AED6-46D7-9033-F991B14CAEBB}.Debug|Any CPU.ActiveCfg = Debug|Any CPU
		{562DA741-AED6-46D7-9033-F991B14CAEBB}.Debug|Any CPU.Build.0 = Debug|Any CPU
		{562DA741-AED6-46D7-9033-F991B14CAEBB}.Release|Any CPU.ActiveCfg = Release|Any CPU
		{562DA741-AED6-46D7-9033-F991B14CAEBB}.Release|Any CPU.Build.0 = Release|Any CPU
	EndGlobalSection
	GlobalSection(SolutionProperties) = preSolution
		HideSolutionNode = FALSE
	EndGlobalSection
	GlobalSection(ExtensibilityGlobals) = postSolution
		SolutionGuid = {D5FDFF4C-8253-409B-927B-BAD82088B06E}
	EndGlobalSection
EndGlobal
