
Microsoft Visual Studio Solution File, Format Version 12.00
# Visual Studio Version 16
VisualStudioVersion = 16.0.30320.27
MinimumVisualStudioVersion = 10.0.40219.1
Project("{FAE04EC0-301F-11D3-BF4B-00C04F79EFBC}") = "PracticePart1", "PracticePart1\PracticePart1.csproj", "{C58AF86B-80E6-4929-AF8E-F36BCEC9A2C9}"
EndProject
Project("{FAE04EC0-301F-11D3-BF4B-00C04F79EFBC}") = "PracticePart2", "PracticePart2\PracticePart2.csproj", "{93CBC3C1-F365-4C58-9FCA-1DA0EDAD97E6}"
EndProject
Global
	GlobalSection(SolutionConfigurationPlatforms) = preSolution
		Debug|Any CPU = Debug|Any CPU
		Release|Any CPU = Release|Any CPU
	EndGlobalSection
	GlobalSection(ProjectConfigurationPlatforms) = postSolution
		{C58AF86B-80E6-4929-AF8E-F36BCEC9A2C9}.Debug|Any CPU.ActiveCfg = Debug|Any CPU
		{C58AF86B-80E6-4929-AF8E-F36BCEC9A2C9}.Debug|Any CPU.Build.0 = Debug|Any CPU
		{C58AF86B-80E6-4929-AF8E-F36BCEC9A2C9}.Release|Any CPU.ActiveCfg = Release|Any CPU
		{C58AF86B-80E6-4929-AF8E-F36BCEC9A2C9}.Release|Any CPU.Build.0 = Release|Any CPU
		{93CBC3C1-F365-4C58-9FCA-1DA0EDAD97E6}.Debug|Any CPU.ActiveCfg = Debug|Any CPU
		{93CBC3C1-F365-4C58-9FCA-1DA0EDAD97E6}.Debug|Any CPU.Build.0 = Debug|Any CPU
		{93CBC3C1-F365-4C58-9FCA-1DA0EDAD97E6}.Release|Any CPU.ActiveCfg = Release|Any CPU
		{93CBC3C1-F365-4C58-9FCA-1DA0EDAD97E6}.Release|Any CPU.Build.0 = Release|Any CPU
	EndGlobalSection
	GlobalSection(SolutionProperties) = preSolution
		HideSolutionNode = FALSE
	EndGlobalSection
	GlobalSection(ExtensibilityGlobals) = postSolution
		SolutionGuid = {D5FDFF4C-8253-409B-927B-BAD82088B06E}
	EndGlobalSection
EndGlobal
